
Microsoft Visual Studio Solution File, Format Version 12.00
# Visual Studio Version 17
VisualStudioVersion = 17.2.32526.322
MinimumVisualStudioVersion = 10.0.40219.1
Project("{9A19103F-16F7-4668-BE54-9A1E7A4F7556}") = "Gellybeans", "Gellybeans\Gellybeans.csproj", "{BE057D24-1EFA-4436-BC7F-0B32F44C22CF}"
EndProject
Project("{FAE04EC0-301F-11D3-BF4B-00C04F79EFBC}") = "Gellybeans.Test", "Gellybeans.Test\Gellybeans.Test.csproj", "{73267648-C587-4EC4-BF13-DA3111407AD0}"
EndProject
Global
	GlobalSection(SolutionConfigurationPlatforms) = preSolution
		Debug|Any CPU = Debug|Any CPU
		Release|Any CPU = Release|Any CPU
	EndGlobalSection
	GlobalSection(ProjectConfigurationPlatforms) = postSolution
		{BE057D24-1EFA-4436-BC7F-0B32F44C22CF}.Debug|Any CPU.ActiveCfg = Debug|Any CPU
		{BE057D24-1EFA-4436-BC7F-0B32F44C22CF}.Debug|Any CPU.Build.0 = Debug|Any CPU
		{BE057D24-1EFA-4436-BC7F-0B32F44C22CF}.Release|Any CPU.ActiveCfg = Release|Any CPU
		{BE057D24-1EFA-4436-BC7F-0B32F44C22CF}.Release|Any CPU.Build.0 = Release|Any CPU
		{73267648-C587-4EC4-BF13-DA3111407AD0}.Debug|Any CPU.ActiveCfg = Debug|Any CPU
		{73267648-C587-4EC4-BF13-DA3111407AD0}.Debug|Any CPU.Build.0 = Debug|Any CPU
		{73267648-C587-4EC4-BF13-DA3111407AD0}.Release|Any CPU.ActiveCfg = Release|Any CPU
		{73267648-C587-4EC4-BF13-DA3111407AD0}.Release|Any CPU.Build.0 = Release|Any CPU
	EndGlobalSection
	GlobalSection(SolutionProperties) = preSolution
		HideSolutionNode = FALSE
	EndGlobalSection
	GlobalSection(ExtensibilityGlobals) = postSolution
		SolutionGuid = {6F14AE56-D207-42B8-A786-807CF9825F05}
	EndGlobalSection
EndGlobal
